
Microsoft Visual Studio Solution File, Format Version 12.00
# Visual Studio 14
VisualStudioVersion = 14.0.25420.1
MinimumVisualStudioVersion = 10.0.40219.1
Project("{2150E333-8FDC-42A3-9474-1A3956D46DE8}") = "FSharp", "FSharp", "{B66D576D-F1BE-48B8-AFAC-5CDADBF70223}"
	ProjectSection(SolutionItems) = preProject
		AdventOfCodeFSharp\Day01.fsx = AdventOfCodeFSharp\Day01.fsx
		AdventOfCodeFSharp\Day01Input.txt = AdventOfCodeFSharp\Day01Input.txt
		AdventOfCodeFSharp\Day02.fsx = AdventOfCodeFSharp\Day02.fsx
		AdventOfCodeFSharp\Day02Input.txt = AdventOfCodeFSharp\Day02Input.txt
		AdventOfCodeFSharp\Day03.fsx = AdventOfCodeFSharp\Day03.fsx
		AdventOfCodeFSharp\Day03Input.txt = AdventOfCodeFSharp\Day03Input.txt
		AdventOfCodeFSharp\Day04.fsx = AdventOfCodeFSharp\Day04.fsx
		AdventOfCodeFSharp\Day04Input.txt = AdventOfCodeFSharp\Day04Input.txt
		AdventOfCodeFSharp\Day05.fsx = AdventOfCodeFSharp\Day05.fsx
		AdventOfCodeFSharp\Day06.fsx = AdventOfCodeFSharp\Day06.fsx
		AdventOfCodeFSharp\Day06Input.txt = AdventOfCodeFSharp\Day06Input.txt
		AdventOfCodeFSharp\Day06TestInput.txt = AdventOfCodeFSharp\Day06TestInput.txt
		AdventOfCodeFSharp\Day07.fsx = AdventOfCodeFSharp\Day07.fsx
		AdventOfCodeFSharp\Day07Input.txt = AdventOfCodeFSharp\Day07Input.txt
		AdventOfCodeFSharp\Day07TestInput.txt = AdventOfCodeFSharp\Day07TestInput.txt
		AdventOfCodeFSharp\Day08.fsx = AdventOfCodeFSharp\Day08.fsx
		AdventOfCodeFSharp\Day08Input.txt = AdventOfCodeFSharp\Day08Input.txt
		AdventOfCodeFSharp\Day09.fsx = AdventOfCodeFSharp\Day09.fsx
		AdventOfCodeFSharp\Day09Input.txt = AdventOfCodeFSharp\Day09Input.txt
		AdventOfCodeFSharp\Day10.fsx = AdventOfCodeFSharp\Day10.fsx
		AdventOfCodeFSharp\Day10Input.txt = AdventOfCodeFSharp\Day10Input.txt
		AdventOfCodeFSharp\Day11.fsx = AdventOfCodeFSharp\Day11.fsx
		AdventOfCodeFSharp\Day11Input.txt = AdventOfCodeFSharp\Day11Input.txt
		AdventOfCodeFSharp\Day12.fsx = AdventOfCodeFSharp\Day12.fsx
		AdventOfCodeFSharp\Day12Input.txt = AdventOfCodeFSharp\Day12Input.txt
		AdventOfCodeFSharp\Day13.fsx = AdventOfCodeFSharp\Day13.fsx
		AdventOfCodeFSharp\Day14.fsx = AdventOfCodeFSharp\Day14.fsx
		AdventOfCodeFSharp\Day15.fsx = AdventOfCodeFSharp\Day15.fsx
		AdventOfCodeFSharp\Day16.fsx = AdventOfCodeFSharp\Day16.fsx
		AdventOfCodeFSharp\Day17.fsx = AdventOfCodeFSharp\Day17.fsx
		AdventOfCodeFSharp\Day18.fsx = AdventOfCodeFSharp\Day18.fsx
		AdventOfCodeFSharp\Day19.fsx = AdventOfCodeFSharp\Day19.fsx
		AdventOfCodeFSharp\Day20.fsx = AdventOfCodeFSharp\Day20.fsx
		AdventOfCodeFSharp\Day20Input.txt = AdventOfCodeFSharp\Day20Input.txt
		AdventOfCodeFSharp\Day21.fsx = AdventOfCodeFSharp\Day21.fsx
		AdventOfCodeFSharp\Day21Input.txt = AdventOfCodeFSharp\Day21Input.txt
		AdventOfCodeFSharp\Day22.fsx = AdventOfCodeFSharp\Day22.fsx
		AdventOfCodeFSharp\Day22Input.txt = AdventOfCodeFSharp\Day22Input.txt
		AdventOfCodeFSharp\Day23.fsx = AdventOfCodeFSharp\Day23.fsx
		AdventOfCodeFSharp\Day23Input.txt = AdventOfCodeFSharp\Day23Input.txt
		AdventOfCodeFSharp\Day24.fsx = AdventOfCodeFSharp\Day24.fsx
		Day24Input.txt = Day24Input.txt
		AdventOfCodeFSharp\Day25.fsx = AdventOfCodeFSharp\Day25.fsx
	EndProjectSection
EndProject
Global
	GlobalSection(SolutionProperties) = preSolution
		HideSolutionNode = FALSE
	EndGlobalSection
EndGlobal
